// !$*UTF8*$!
{
	archiveVersion = 1;
	classes = {
	};
	objectVersion = 55;
	objects = {

/* Begin PBXBuildFile section */
		0A6B8C81281F43B600BD2A36 /* AppDelegate.swift in Sources */ = {isa = PBXBuildFile; fileRef = 0A6B8C80281F43B600BD2A36 /* AppDelegate.swift */; };
		0A6B8C83281F43B600BD2A36 /* SceneDelegate.swift in Sources */ = {isa = PBXBuildFile; fileRef = 0A6B8C82281F43B600BD2A36 /* SceneDelegate.swift */; };
		0A6B8C85281F43B600BD2A36 /* ViewController.swift in Sources */ = {isa = PBXBuildFile; fileRef = 0A6B8C84281F43B600BD2A36 /* ViewController.swift */; };
		0A6B8C8A281F43B800BD2A36 /* Assets.xcassets in Resources */ = {isa = PBXBuildFile; fileRef = 0A6B8C89281F43B800BD2A36 /* Assets.xcassets */; };
		0A6B8C8D281F43B800BD2A36 /* LaunchScreen.storyboard in Resources */ = {isa = PBXBuildFile; fileRef = 0A6B8C8B281F43B800BD2A36 /* LaunchScreen.storyboard */; };
		0A6B8C97281F554F00BD2A36 /* CustomCell.swift in Sources */ = {isa = PBXBuildFile; fileRef = 0A6B8C96281F554F00BD2A36 /* CustomCell.swift */; };
		0A6B8C992820981200BD2A36 /* Model.swift in Sources */ = {isa = PBXBuildFile; fileRef = 0A6B8C982820981200BD2A36 /* Model.swift */; };
		0A6B8CC22823E9B200BD2A36 /* LoginViewController.swift in Sources */ = {isa = PBXBuildFile; fileRef = 0A6B8CC12823E9B200BD2A36 /* LoginViewController.swift */; };
		0A6B8CC42823EA8400BD2A36 /* LoginView.swift in Sources */ = {isa = PBXBuildFile; fileRef = 0A6B8CC32823EA8400BD2A36 /* LoginView.swift */; };
		0A6B8CC72823EF2D00BD2A36 /* LoginModel.swift in Sources */ = {isa = PBXBuildFile; fileRef = 0A6B8CC62823EF2D00BD2A36 /* LoginModel.swift */; };
		0A6B8CC9282464C500BD2A36 /* LoginViewModel.swift in Sources */ = {isa = PBXBuildFile; fileRef = 0A6B8CC8282464C500BD2A36 /* LoginViewModel.swift */; };
/* End PBXBuildFile section */

/* Begin PBXFileReference section */
		0A6B8C7D281F43B600BD2A36 /* Documents.app */ = {isa = PBXFileReference; explicitFileType = wrapper.application; includeInIndex = 0; path = Documents.app; sourceTree = BUILT_PRODUCTS_DIR; };
		0A6B8C80281F43B600BD2A36 /* AppDelegate.swift */ = {isa = PBXFileReference; lastKnownFileType = sourcecode.swift; path = AppDelegate.swift; sourceTree = "<group>"; };
		0A6B8C82281F43B600BD2A36 /* SceneDelegate.swift */ = {isa = PBXFileReference; lastKnownFileType = sourcecode.swift; path = SceneDelegate.swift; sourceTree = "<group>"; };
		0A6B8C84281F43B600BD2A36 /* ViewController.swift */ = {isa = PBXFileReference; lastKnownFileType = sourcecode.swift; path = ViewController.swift; sourceTree = "<group>"; };
		0A6B8C89281F43B800BD2A36 /* Assets.xcassets */ = {isa = PBXFileReference; lastKnownFileType = folder.assetcatalog; path = Assets.xcassets; sourceTree = "<group>"; };
		0A6B8C8C281F43B800BD2A36 /* Base */ = {isa = PBXFileReference; lastKnownFileType = file.storyboard; name = Base; path = Base.lproj/LaunchScreen.storyboard; sourceTree = "<group>"; };
		0A6B8C8E281F43B800BD2A36 /* Info.plist */ = {isa = PBXFileReference; lastKnownFileType = text.plist.xml; path = Info.plist; sourceTree = "<group>"; };
		0A6B8C96281F554F00BD2A36 /* CustomCell.swift */ = {isa = PBXFileReference; lastKnownFileType = sourcecode.swift; path = CustomCell.swift; sourceTree = "<group>"; };
		0A6B8C982820981200BD2A36 /* Model.swift */ = {isa = PBXFileReference; lastKnownFileType = sourcecode.swift; path = Model.swift; sourceTree = "<group>"; };
		0A6B8CC12823E9B200BD2A36 /* LoginViewController.swift */ = {isa = PBXFileReference; lastKnownFileType = sourcecode.swift; path = LoginViewController.swift; sourceTree = "<group>"; };
		0A6B8CC32823EA8400BD2A36 /* LoginView.swift */ = {isa = PBXFileReference; lastKnownFileType = sourcecode.swift; path = LoginView.swift; sourceTree = "<group>"; };
		0A6B8CC62823EF2D00BD2A36 /* LoginModel.swift */ = {isa = PBXFileReference; lastKnownFileType = sourcecode.swift; path = LoginModel.swift; sourceTree = "<group>"; };
		0A6B8CC8282464C500BD2A36 /* LoginViewModel.swift */ = {isa = PBXFileReference; lastKnownFileType = sourcecode.swift; path = LoginViewModel.swift; sourceTree = "<group>"; };
/* End PBXFileReference section */

/* Begin PBXFrameworksBuildPhase section */
		0A6B8C7A281F43B600BD2A36 /* Frameworks */ = {
			isa = PBXFrameworksBuildPhase;
			buildActionMask = 2147483647;
			files = (
			);
			runOnlyForDeploymentPostprocessing = 0;
		};
/* End PBXFrameworksBuildPhase section */

/* Begin PBXGroup section */
		0A6B8C74281F43B600BD2A36 = {
			isa = PBXGroup;
			children = (
				0A6B8C7F281F43B600BD2A36 /* Documents */,
				0A6B8C7E281F43B600BD2A36 /* Products */,
			);
			sourceTree = "<group>";
		};
		0A6B8C7E281F43B600BD2A36 /* Products */ = {
			isa = PBXGroup;
			children = (
				0A6B8C7D281F43B600BD2A36 /* Documents.app */,
			);
			name = Products;
			sourceTree = "<group>";
		};
		0A6B8C7F281F43B600BD2A36 /* Documents */ = {
			isa = PBXGroup;
			children = (
				0A6B8C80281F43B600BD2A36 /* AppDelegate.swift */,
				0A6B8C82281F43B600BD2A36 /* SceneDelegate.swift */,
				0A6B8CC02823E97200BD2A36 /* Gallary */,
				0A6B8C89281F43B800BD2A36 /* Assets.xcassets */,
				0A6B8C8B281F43B800BD2A36 /* LaunchScreen.storyboard */,
				0A6B8C8E281F43B800BD2A36 /* Info.plist */,
				0A6B8CC52823EF1900BD2A36 /* Login */,
			);
			path = Documents;
			sourceTree = "<group>";
		};
		0A6B8CC02823E97200BD2A36 /* Gallary */ = {
			isa = PBXGroup;
			children = (
				0A6B8C96281F554F00BD2A36 /* CustomCell.swift */,
				0A6B8C84281F43B600BD2A36 /* ViewController.swift */,
				0A6B8C982820981200BD2A36 /* Model.swift */,
			);
			path = Gallary;
			sourceTree = "<group>";
		};
		0A6B8CC52823EF1900BD2A36 /* Login */ = {
			isa = PBXGroup;
			children = (
				0A6B8CC12823E9B200BD2A36 /* LoginViewController.swift */,
				0A6B8CC32823EA8400BD2A36 /* LoginView.swift */,
				0A6B8CC62823EF2D00BD2A36 /* LoginModel.swift */,
				0A6B8CC8282464C500BD2A36 /* LoginViewModel.swift */,
			);
			path = Login;
			sourceTree = "<group>";
		};
/* End PBXGroup section */

/* Begin PBXNativeTarget section */
		0A6B8C7C281F43B600BD2A36 /* Documents */ = {
			isa = PBXNativeTarget;
			buildConfigurationList = 0A6B8C91281F43B800BD2A36 /* Build configuration list for PBXNativeTarget "Documents" */;
			buildPhases = (
				0A6B8C79281F43B600BD2A36 /* Sources */,
				0A6B8C7A281F43B600BD2A36 /* Frameworks */,
				0A6B8C7B281F43B600BD2A36 /* Resources */,
			);
			buildRules = (
			);
			dependencies = (
			);
			name = Documents;
			productName = Documents;
			productReference = 0A6B8C7D281F43B600BD2A36 /* Documents.app */;
			productType = "com.apple.product-type.application";
		};
/* End PBXNativeTarget section */

/* Begin PBXProject section */
		0A6B8C75281F43B600BD2A36 /* Project object */ = {
			isa = PBXProject;
			attributes = {
				BuildIndependentTargetsInParallel = 1;
				LastSwiftUpdateCheck = 1320;
				LastUpgradeCheck = 1320;
				TargetAttributes = {
					0A6B8C7C281F43B600BD2A36 = {
						CreatedOnToolsVersion = 13.2.1;
					};
				};
			};
			buildConfigurationList = 0A6B8C78281F43B600BD2A36 /* Build configuration list for PBXProject "Documents" */;
			compatibilityVersion = "Xcode 13.0";
			developmentRegion = en;
			hasScannedForEncodings = 0;
			knownRegions = (
				en,
				Base,
			);
			mainGroup = 0A6B8C74281F43B600BD2A36;
			productRefGroup = 0A6B8C7E281F43B600BD2A36 /* Products */;
			projectDirPath = "";
			projectRoot = "";
			targets = (
				0A6B8C7C281F43B600BD2A36 /* Documents */,
			);
		};
/* End PBXProject section */

/* Begin PBXResourcesBuildPhase section */
		0A6B8C7B281F43B600BD2A36 /* Resources */ = {
			isa = PBXResourcesBuildPhase;
			buildActionMask = 2147483647;
			files = (
				0A6B8C8D281F43B800BD2A36 /* LaunchScreen.storyboard in Resources */,
				0A6B8C8A281F43B800BD2A36 /* Assets.xcassets in Resources */,
			);
			runOnlyForDeploymentPostprocessing = 0;
		};
/* End PBXResourcesBuildPhase section */

/* Begin PBXSourcesBuildPhase section */
		0A6B8C79281F43B600BD2A36 /* Sources */ = {
			isa = PBXSourcesBuildPhase;
			buildActionMask = 2147483647;
			files = (
				0A6B8C992820981200BD2A36 /* Model.swift in Sources */,
				0A6B8CC42823EA8400BD2A36 /* LoginView.swift in Sources */,
				0A6B8CC22823E9B200BD2A36 /* LoginViewController.swift in Sources */,
				0A6B8C85281F43B600BD2A36 /* ViewController.swift in Sources */,
				0A6B8C81281F43B600BD2A36 /* AppDelegate.swift in Sources */,
				0A6B8CC72823EF2D00BD2A36 /* LoginModel.swift in Sources */,
				0A6B8C97281F554F00BD2A36 /* CustomCell.swift in Sources */,
				0A6B8C83281F43B600BD2A36 /* SceneDelegate.swift in Sources */,
				0A6B8CC9282464C500BD2A36 /* LoginViewModel.swift in Sources */,
			);
			runOnlyForDeploymentPostprocessing = 0;
		};
/* End PBXSourcesBuildPhase section */

/* Begin PBXVariantGroup section */
		0A6B8C8B281F43B800BD2A36 /* LaunchScreen.storyboard */ = {
			isa = PBXVariantGroup;
			children = (
				0A6B8C8C281F43B800BD2A36 /* Base */,
			);
			name = LaunchScreen.storyboard;
			sourceTree = "<group>";
		};
/* End PBXVariantGroup section */

/* Begin XCBuildConfiguration section */
		0A6B8C8F281F43B800BD2A36 /* Debug */ = {
			isa = XCBuildConfiguration;
			buildSettings = {
				ALWAYS_SEARCH_USER_PATHS = NO;
				CLANG_ANALYZER_NONNULL = YES;
				CLANG_ANALYZER_NUMBER_OBJECT_CONVERSION = YES_AGGRESSIVE;
				CLANG_CXX_LANGUAGE_STANDARD = "gnu++17";
				CLANG_CXX_LIBRARY = "libc++";
				CLANG_ENABLE_MODULES = YES;
				CLANG_ENABLE_OBJC_ARC = YES;
				CLANG_ENABLE_OBJC_WEAK = YES;
				CLANG_WARN_BLOCK_CAPTURE_AUTORELEASING = YES;
				CLANG_WARN_BOOL_CONVERSION = YES;
				CLANG_WARN_COMMA = YES;
				CLANG_WARN_CONSTANT_CONVERSION = YES;
				CLANG_WARN_DEPRECATED_OBJC_IMPLEMENTATIONS = YES;
				CLANG_WARN_DIRECT_OBJC_ISA_USAGE = YES_ERROR;
				CLANG_WARN_DOCUMENTATION_COMMENTS = YES;
				CLANG_WARN_EMPTY_BODY = YES;
				CLANG_WARN_ENUM_CONVERSION = YES;
				CLANG_WARN_INFINITE_RECURSION = YES;
				CLANG_WARN_INT_CONVERSION = YES;
				CLANG_WARN_NON_LITERAL_NULL_CONVERSION = YES;
				CLANG_WARN_OBJC_IMPLICIT_RETAIN_SELF = YES;
				CLANG_WARN_OBJC_LITERAL_CONVERSION = YES;
				CLANG_WARN_OBJC_ROOT_CLASS = YES_ERROR;
				CLANG_WARN_QUOTED_INCLUDE_IN_FRAMEWORK_HEADER = YES;
				CLANG_WARN_RANGE_LOOP_ANALYSIS = YES;
				CLANG_WARN_STRICT_PROTOTYPES = YES;
				CLANG_WARN_SUSPICIOUS_MOVE = YES;
				CLANG_WARN_UNGUARDED_AVAILABILITY = YES_AGGRESSIVE;
				CLANG_WARN_UNREACHABLE_CODE = YES;
				CLANG_WARN__DUPLICATE_METHOD_MATCH = YES;
				COPY_PHASE_STRIP = NO;
				DEBUG_INFORMATION_FORMAT = dwarf;
				ENABLE_STRICT_OBJC_MSGSEND = YES;
				ENABLE_TESTABILITY = YES;
				GCC_C_LANGUAGE_STANDARD = gnu11;
				GCC_DYNAMIC_NO_PIC = NO;
				GCC_NO_COMMON_BLOCKS = YES;
				GCC_OPTIMIZATION_LEVEL = 0;
				GCC_PREPROCESSOR_DEFINITIONS = (
					"DEBUG=1",
					"$(inherited)",
				);
				GCC_WARN_64_TO_32_BIT_CONVERSION = YES;
				GCC_WARN_ABOUT_RETURN_TYPE = YES_ERROR;
				GCC_WARN_UNDECLARED_SELECTOR = YES;
				GCC_WARN_UNINITIALIZED_AUTOS = YES_AGGRESSIVE;
				GCC_WARN_UNUSED_FUNCTION = YES;
				GCC_WARN_UNUSED_VARIABLE = YES;
				IPHONEOS_DEPLOYMENT_TARGET = 15.2;
				MTL_ENABLE_DEBUG_INFO = INCLUDE_SOURCE;
				MTL_FAST_MATH = YES;
				ONLY_ACTIVE_ARCH = YES;
				SDKROOT = iphoneos;
				SWIFT_ACTIVE_COMPILATION_CONDITIONS = DEBUG;
				SWIFT_OPTIMIZATION_LEVEL = "-Onone";
			};
			name = Debug;
		};
		0A6B8C90281F43B800BD2A36 /* Release */ = {
			isa = XCBuildConfiguration;
			buildSettings = {
				ALWAYS_SEARCH_USER_PATHS = NO;
				CLANG_ANALYZER_NONNULL = YES;
				CLANG_ANALYZER_NUMBER_OBJECT_CONVERSION = YES_AGGRESSIVE;
				CLANG_CXX_LANGUAGE_STANDARD = "gnu++17";
				CLANG_CXX_LIBRARY = "libc++";
				CLANG_ENABLE_MODULES = YES;
				CLANG_ENABLE_OBJC_ARC = YES;
				CLANG_ENABLE_OBJC_WEAK = YES;
				CLANG_WARN_BLOCK_CAPTURE_AUTORELEASING = YES;
				CLANG_WARN_BOOL_CONVERSION = YES;
				CLANG_WARN_COMMA = YES;
				CLANG_WARN_CONSTANT_CONVERSION = YES;
				CLANG_WARN_DEPRECATED_OBJC_IMPLEMENTATIONS = YES;
				CLANG_WARN_DIRECT_OBJC_ISA_USAGE = YES_ERROR;
				CLANG_WARN_DOCUMENTATION_COMMENTS = YES;
				CLANG_WARN_EMPTY_BODY = YES;
				CLANG_WARN_ENUM_CONVERSION = YES;
				CLANG_WARN_INFINITE_RECURSION = YES;
				CLANG_WARN_INT_CONVERSION = YES;
				CLANG_WARN_NON_LITERAL_NULL_CONVERSION = YES;
				CLANG_WARN_OBJC_IMPLICIT_RETAIN_SELF = YES;
				CLANG_WARN_OBJC_LITERAL_CONVERSION = YES;
				CLANG_WARN_OBJC_ROOT_CLASS = YES_ERROR;
				CLANG_WARN_QUOTED_INCLUDE_IN_FRAMEWORK_HEADER = YES;
				CLANG_WARN_RANGE_LOOP_ANALYSIS = YES;
				CLANG_WARN_STRICT_PROTOTYPES = YES;
				CLANG_WARN_SUSPICIOUS_MOVE = YES;
				CLANG_WARN_UNGUARDED_AVAILABILITY = YES_AGGRESSIVE;
				CLANG_WARN_UNREACHABLE_CODE = YES;
				CLANG_WARN__DUPLICATE_METHOD_MATCH = YES;
				COPY_PHASE_STRIP = NO;
				DEBUG_INFORMATION_FORMAT = "dwarf-with-dsym";
				ENABLE_NS_ASSERTIONS = NO;
				ENABLE_STRICT_OBJC_MSGSEND = YES;
				GCC_C_LANGUAGE_STANDARD = gnu11;
				GCC_NO_COMMON_BLOCKS = YES;
				GCC_WARN_64_TO_32_BIT_CONVERSION = YES;
				GCC_WARN_ABOUT_RETURN_TYPE = YES_ERROR;
				GCC_WARN_UNDECLARED_SELECTOR = YES;
				GCC_WARN_UNINITIALIZED_AUTOS = YES_AGGRESSIVE;
				GCC_WARN_UNUSED_FUNCTION = YES;
				GCC_WARN_UNUSED_VARIABLE = YES;
				IPHONEOS_DEPLOYMENT_TARGET = 15.2;
				MTL_ENABLE_DEBUG_INFO = NO;
				MTL_FAST_MATH = YES;
				SDKROOT = iphoneos;
				SWIFT_COMPILATION_MODE = wholemodule;
				SWIFT_OPTIMIZATION_LEVEL = "-O";
				VALIDATE_PRODUCT = YES;
			};
			name = Release;
		};
		0A6B8C92281F43B800BD2A36 /* Debug */ = {
			isa = XCBuildConfiguration;
			buildSettings = {
				ASSETCATALOG_COMPILER_APPICON_NAME = AppIcon;
				ASSETCATALOG_COMPILER_GLOBAL_ACCENT_COLOR_NAME = AccentColor;
				CODE_SIGN_STYLE = Automatic;
				CURRENT_PROJECT_VERSION = 1;
				DEVELOPMENT_TEAM = 5D399ZX79K;
				GENERATE_INFOPLIST_FILE = YES;
				INFOPLIST_FILE = Documents/Info.plist;
				INFOPLIST_KEY_UIApplicationSupportsIndirectInputEvents = YES;
				INFOPLIST_KEY_UILaunchStoryboardName = LaunchScreen;
				INFOPLIST_KEY_UISupportedInterfaceOrientations_iPad = "UIInterfaceOrientationPortrait UIInterfaceOrientationPortraitUpsideDown UIInterfaceOrientationLandscapeLeft UIInterfaceOrientationLandscapeRight";
				INFOPLIST_KEY_UISupportedInterfaceOrientations_iPhone = "UIInterfaceOrientationPortrait UIInterfaceOrientationLandscapeLeft UIInterfaceOrientationLandscapeRight";
				LD_RUNPATH_SEARCH_PATHS = (
					"$(inherited)",
					"@executable_path/Frameworks",
				);
				MARKETING_VERSION = 1.0;
				PRODUCT_BUNDLE_IDENTIFIER = ru.golubev.Documents;
				PRODUCT_NAME = "$(TARGET_NAME)";
				SWIFT_EMIT_LOC_STRINGS = YES;
				SWIFT_VERSION = 5.0;
				TARGETED_DEVICE_FAMILY = "1,2";
			};
			name = Debug;
		};
		0A6B8C93281F43B800BD2A36 /* Release */ = {
			isa = XCBuildConfiguration;
			buildSettings = {
				ASSETCATALOG_COMPILER_APPICON_NAME = AppIcon;
				ASSETCATALOG_COMPILER_GLOBAL_ACCENT_COLOR_NAME = AccentColor;
				CODE_SIGN_STYLE = Automatic;
				CURRENT_PROJECT_VERSION = 1;
				DEVELOPMENT_TEAM = 5D399ZX79K;
				GENERATE_INFOPLIST_FILE = YES;
				INFOPLIST_FILE = Documents/Info.plist;
				INFOPLIST_KEY_UIApplicationSupportsIndirectInputEvents = YES;
				INFOPLIST_KEY_UILaunchStoryboardName = LaunchScreen;
				INFOPLIST_KEY_UISupportedInterfaceOrientations_iPad = "UIInterfaceOrientationPortrait UIInterfaceOrientationPortraitUpsideDown UIInterfaceOrientationLandscapeLeft UIInterfaceOrientationLandscapeRight";
				INFOPLIST_KEY_UISupportedInterfaceOrientations_iPhone = "UIInterfaceOrientationPortrait UIInterfaceOrientationLandscapeLeft UIInterfaceOrientationLandscapeRight";
				LD_RUNPATH_SEARCH_PATHS = (
					"$(inherited)",
					"@executable_path/Frameworks",
				);
				MARKETING_VERSION = 1.0;
				PRODUCT_BUNDLE_IDENTIFIER = ru.golubev.Documents;
				PRODUCT_NAME = "$(TARGET_NAME)";
				SWIFT_EMIT_LOC_STRINGS = YES;
				SWIFT_VERSION = 5.0;
				TARGETED_DEVICE_FAMILY = "1,2";
			};
			name = Release;
		};
/* End XCBuildConfiguration section */

/* Begin XCConfigurationList section */
		0A6B8C78281F43B600BD2A36 /* Build configuration list for PBXProject "Documents" */ = {
			isa = XCConfigurationList;
			buildConfigurations = (
				0A6B8C8F281F43B800BD2A36 /* Debug */,
				0A6B8C90281F43B800BD2A36 /* Release */,
			);
			defaultConfigurationIsVisible = 0;
			defaultConfigurationName = Release;
		};
		0A6B8C91281F43B800BD2A36 /* Build configuration list for PBXNativeTarget "Documents" */ = {
			isa = XCConfigurationList;
			buildConfigurations = (
				0A6B8C92281F43B800BD2A36 /* Debug */,
				0A6B8C93281F43B800BD2A36 /* Release */,
			);
			defaultConfigurationIsVisible = 0;
			defaultConfigurationName = Release;
		};
/* End XCConfigurationList section */
	};
	rootObject = 0A6B8C75281F43B600BD2A36 /* Project object */;
}
